
Microsoft Visual Studio Solution File, Format Version 12.00
# Visual Studio Version 17
VisualStudioVersion = 17.4.33213.308
MinimumVisualStudioVersion = 10.0.40219.1
Project("{FAE04EC0-301F-11D3-BF4B-00C04F79EFBC}") = "ExamenRU2_DGGR", "ExamenRU2_DGGR.csproj", "{7DB5B4B2-0CD3-4CA1-8A8D-E1554A89D6E3}"
EndProject
Global
	GlobalSection(SolutionConfigurationPlatforms) = preSolution
		Debug|Any CPU = Debug|Any CPU
		Release|Any CPU = Release|Any CPU
	EndGlobalSection
	GlobalSection(ProjectConfigurationPlatforms) = postSolution
		{7DB5B4B2-0CD3-4CA1-8A8D-E1554A89D6E3}.Debug|Any CPU.ActiveCfg = Debug|Any CPU
		{7DB5B4B2-0CD3-4CA1-8A8D-E1554A89D6E3}.Debug|Any CPU.Build.0 = Debug|Any CPU
		{7DB5B4B2-0CD3-4CA1-8A8D-E1554A89D6E3}.Release|Any CPU.ActiveCfg = Release|Any CPU
		{7DB5B4B2-0CD3-4CA1-8A8D-E1554A89D6E3}.Release|Any CPU.Build.0 = Release|Any CPU
	EndGlobalSection
	GlobalSection(SolutionProperties) = preSolution
		HideSolutionNode = FALSE
	EndGlobalSection
	GlobalSection(ExtensibilityGlobals) = postSolution
		SolutionGuid = {B0BB2C0F-582A-40CF-95C3-B264BACCF9F4}
	EndGlobalSection
EndGlobal
